{
  "nodes": {
    "claylib": {
      "flake": false,
      "locked": {
        "lastModified": 1780949354,
        "narHash": "sha256-mYjVcpy3C8X8RBRxqtbHHWDhj/0GB3R5KS7HfEVgl0I=",
        "owner": "luciusmagn",
        "repo": "claylib",
        "rev": "9b83e1a91241bc71d744ff903a3c348312b0e560",
        "type": "github"
      },
      "original": {
        "owner": "luciusmagn",
        "repo": "claylib",
        "rev": "9b83e1a91241bc71d744ff903a3c348312b0e560",
        "type": "github"
      }
    },
    "nixpkgs": {
      "locked": {
        "lastModified": 1780365719,
        "narHash": "sha256-QfWfccTN+70ZQ4m2qlU9PiKfz2Yppq94058iJyARNwc=",
        "owner": "NixOS",
        "repo": "nixpkgs",
        "rev": "ffa10e26ae11d676b2db836259889f1f571cb14f",
        "type": "github"
      },
      "original": {
        "owner": "NixOS",
        "ref": "nixpkgs-unstable",
        "repo": "nixpkgs",
        "type": "github"
      }
    },
    "root": {
      "inputs": {
        "claylib": "claylib",
        "nixpkgs": "nixpkgs"
      }
    }
  },
  "root": "root",
  "version": 7
}
